
Microsoft Visual Studio Solution File, Format Version 12.00
# Visual Studio Version 17
VisualStudioVersion = 17.0.32002.185
MinimumVisualStudioVersion = 10.0.40219.1
Project("{FAE04EC0-301F-11D3-BF4B-00C04F79EFBC}") = "CartorioFacil.App", "CartorioFacil.App\CartorioFacil.App.csproj", "{ED20241B-F440-48DB-A23C-19B4509CE308}"
EndProject
Global
	GlobalSection(SolutionConfigurationPlatforms) = preSolution
		Debug|Any CPU = Debug|Any CPU
		Release|Any CPU = Release|Any CPU
	EndGlobalSection
	GlobalSection(ProjectConfigurationPlatforms) = postSolution
		{ED20241B-F440-48DB-A23C-19B4509CE308}.Debug|Any CPU.ActiveCfg = Debug|Any CPU
		{ED20241B-F440-48DB-A23C-19B4509CE308}.Debug|Any CPU.Build.0 = Debug|Any CPU
		{ED20241B-F440-48DB-A23C-19B4509CE308}.Release|Any CPU.ActiveCfg = Release|Any CPU
		{ED20241B-F440-48DB-A23C-19B4509CE308}.Release|Any CPU.Build.0 = Release|Any CPU
	EndGlobalSection
	GlobalSection(SolutionProperties) = preSolution
		HideSolutionNode = FALSE
	EndGlobalSection
	GlobalSection(ExtensibilityGlobals) = postSolution
		SolutionGuid = {8716D8DE-6AA2-4880-B35C-AEA176DE1C8C}
	EndGlobalSection
EndGlobal
